# THIS IS AN AUTOGENERATED FILE. DO NOT EDIT THIS FILE DIRECTLY.
# yarn lockfile v1


"@babel/helper-validator-identifier@^7.10.4":
  version "7.10.4"
  resolved "https://registry.npmjs.org/@babel/helper-validator-identifier/-/helper-validator-identifier-7.10.4.tgz#a78c7a7251e01f616512d31b10adcf52ada5e0d2"
  integrity sha512-3U9y+43hz7ZM+rzG24Qe2mufW5KhvFg/NhnNph+i9mgCtdTCtMJuI1TMkrIUiK7Ix4PYlRF9I5dhqaLYA/ADXw==

"@babel/parser@^7.12.0":
  version "7.12.3"
  resolved "https://registry.npmjs.org/@babel/parser/-/parser-7.12.3.tgz#a305415ebe7a6c7023b40b5122a0662d928334cd"
  integrity sha512-kFsOS0IbsuhO5ojF8Hc8z/8vEIOkylVBrjiZUbLTE3XFe0Qi+uu6HjzQixkFaqr0ZPAMZcBVxEwmsnsLPZ2Xsw==

"@babel/types@^7.12.0":
  version "7.12.1"
  resolved "https://registry.npmjs.org/@babel/types/-/types-7.12.1.tgz#e109d9ab99a8de735be287ee3d6a9947a190c4ae"
  integrity sha512-BzSY3NJBKM4kyatSOWh3D/JJ2O3CVzBybHWxtgxnggaxEuaSTTDqeiSb/xk9lrkw2Tbqyivw5ZU4rT+EfznQsA==
  dependencies:
    "@babel/helper-validator-identifier" "^7.10.4"
    lodash "^4.17.19"
    to-fast-properties "^2.0.0"

"@vue/compiler-core@3.0.10":
  version "3.0.10"
  resolved "https://registry.yarnpkg.com/@vue/compiler-core/-/compiler-core-3.0.10.tgz#ced92120c6b9bab7b6c44dfe5e3e5cf2ea422531"
  integrity sha512-rayD+aODgX9CWgWv0cAI+whPLyMmtkWfNGsZpdpsaIloh8mY2hX8+SvE1Nn3755YhGWJ/7oaDEcNpOctGwZbsA==
  dependencies:
    "@babel/parser" "^7.12.0"
    "@babel/types" "^7.12.0"
    "@vue/shared" "3.0.10"
    estree-walker "^2.0.1"
    source-map "^0.6.1"

"@vue/compiler-dom@3.0.10":
  version "3.0.10"
  resolved "https://registry.yarnpkg.com/@vue/compiler-dom/-/compiler-dom-3.0.10.tgz#59d3597498e7d4b0b92f3886a823f99d5b08f1fe"
  integrity sha512-SzN1li9xAxtqkZimR1AFU2t1N0vzsAJxR/5764xoS0xedwhUU9s8s+Tks2FNMLsXiqdkP2Qd4zAM+9EwTbZmRw==
  dependencies:
    "@vue/compiler-core" "3.0.10"
    "@vue/shared" "3.0.10"

"@vue/reactivity@3.0.10":
  version "3.0.10"
  resolved "https://registry.yarnpkg.com/@vue/reactivity/-/reactivity-3.0.10.tgz#012830733291e60827f3b228d425ad53b83484ce"
  integrity sha512-0GOSqlIv/a5wy4r6fAcdaglQ8v2sLYMRUpu49yK8Z2vHccK85Ym3R9C9K3vo6dfBRGbbCVvoKxYtQw49LvE8Ug==
  dependencies:
    "@vue/shared" "3.0.10"

"@vue/runtime-core@3.0.10":
  version "3.0.10"
  resolved "https://registry.yarnpkg.com/@vue/runtime-core/-/runtime-core-3.0.10.tgz#cb8730c0ec86ea5c1cfa701facc0a97bf59b15a2"
  integrity sha512-qKhCOwHGff5YEdyClO1gf9Q9xgaPPz/qJ2GyzNZkPb00WcXJ3l+yTgHZWaSywRLs9GD1y9Ff3C0MIowzj95NHA==
  dependencies:
    "@vue/reactivity" "3.0.10"
    "@vue/shared" "3.0.10"

"@vue/runtime-dom@3.0.10":
  version "3.0.10"
  resolved "https://registry.yarnpkg.com/@vue/runtime-dom/-/runtime-dom-3.0.10.tgz#80c6ee28caeabf74f31357d2c64d177945bd8a5f"
  integrity sha512-8yRAALc/884UlYWY7hJImecvow1Cngbl2B6n0ThYTms08FVQ3W9tdW0MEvR3JVit06JyQLS1Qvwdn1PwNPPDqg==
  dependencies:
    "@vue/runtime-core" "3.0.10"
    "@vue/shared" "3.0.10"
    csstype "^2.6.8"

"@vue/shared@3.0.10":
  version "3.0.10"
  resolved "https://registry.yarnpkg.com/@vue/shared/-/shared-3.0.10.tgz#5476d5615d01bf339c65c2e804f5909bbc27844a"
  integrity sha512-p8GJ+bGpEGiEHICwcCH/EtJnkZQllrOfm1J2J+Ep0ydMte25bPnArgrY/h2Tn1LKqqR3LXyQlOSYY6gJgiW2LQ==

csstype@^2.6.8:
  version "2.6.13"
  resolved "https://registry.npmjs.org/csstype/-/csstype-2.6.13.tgz#a6893015b90e84dd6e85d0e3b442a1e84f2dbe0f"
  integrity sha512-ul26pfSQTZW8dcOnD2iiJssfXw0gdNVX9IJDH/X3K5DGPfj+fUYe3kB+swUY6BF3oZDxaID3AJt+9/ojSAE05A==

estree-walker@^2.0.1:
  version "2.0.1"
  resolved "https://registry.npmjs.org/estree-walker/-/estree-walker-2.0.1.tgz#f8e030fb21cefa183b44b7ad516b747434e7a3e0"
  integrity sha512-tF0hv+Yi2Ot1cwj9eYHtxC0jB9bmjacjQs6ZBTj82H8JwUywFuc+7E83NWfNMwHXZc11mjfFcVXPe9gEP4B8dg==

lodash@^4.17.19:
  version "4.17.20"
  resolved "https://registry.npmjs.org/lodash/-/lodash-4.17.20.tgz#b44a9b6297bcb698f1c51a3545a2b3b368d59c52"
  integrity sha512-PlhdFcillOINfeV7Ni6oF1TAEayyZBoZ8bcshTHqOYJYlrqzRK5hagpagky5o4HfCzzd1TRkXPMFq6cKk9rGmA==

source-map@^0.6.1:
  version "0.6.1"
  resolved "https://registry.npmjs.org/source-map/-/source-map-0.6.1.tgz#74722af32e9614e9c287a8d0bbde48b5e2f1a263"
  integrity sha512-UjgapumWlbMhkBgzT7Ykc5YXUT46F0iKu8SGXq0bcwP5dz/h0Plj6enJqjz1Zbq2l5WaqYnrVbwWOWMyF3F47g==

to-fast-properties@^2.0.0:
  version "2.0.0"
  resolved "https://registry.npmjs.org/to-fast-properties/-/to-fast-properties-2.0.0.tgz#dc5e698cbd079265bc73e0377681a4e4e83f616e"
  integrity sha1-3F5pjL0HkmW8c+A3doGk5Og/YW4=

vue@^3.0.0:
  version "3.0.10"
  resolved "https://registry.yarnpkg.com/vue/-/vue-3.0.10.tgz#b5d2801c6ac0e756c850ad7a8f9a78cbccbad02a"
  integrity sha512-6arZ722uqIArSNUU94aqx0Pq0IMHFqYZuJ+U+q9HGdZZu11VFpyFP/L/hakijGFKp56Jr0yxJdWbDiJGWPxwww==
  dependencies:
    "@vue/compiler-dom" "3.0.10"
    "@vue/runtime-dom" "3.0.10"
    "@vue/shared" "3.0.10"
