# THIS IS AN AUTOGENERATED FILE. DO NOT EDIT THIS FILE DIRECTLY.
# yarn lockfile v1


"@babel/helper-validator-identifier@^7.10.4":
  version "7.10.4"
  resolved "https://registry.npmjs.org/@babel/helper-validator-identifier/-/helper-validator-identifier-7.10.4.tgz#a78c7a7251e01f616512d31b10adcf52ada5e0d2"
  integrity sha512-3U9y+43hz7ZM+rzG24Qe2mufW5KhvFg/NhnNph+i9mgCtdTCtMJuI1TMkrIUiK7Ix4PYlRF9I5dhqaLYA/ADXw==

"@babel/parser@^7.12.0":
  version "7.12.3"
  resolved "https://registry.npmjs.org/@babel/parser/-/parser-7.12.3.tgz#a305415ebe7a6c7023b40b5122a0662d928334cd"
  integrity sha512-kFsOS0IbsuhO5ojF8Hc8z/8vEIOkylVBrjiZUbLTE3XFe0Qi+uu6HjzQixkFaqr0ZPAMZcBVxEwmsnsLPZ2Xsw==

"@babel/types@^7.12.0":
  version "7.12.1"
  resolved "https://registry.npmjs.org/@babel/types/-/types-7.12.1.tgz#e109d9ab99a8de735be287ee3d6a9947a190c4ae"
  integrity sha512-BzSY3NJBKM4kyatSOWh3D/JJ2O3CVzBybHWxtgxnggaxEuaSTTDqeiSb/xk9lrkw2Tbqyivw5ZU4rT+EfznQsA==
  dependencies:
    "@babel/helper-validator-identifier" "^7.10.4"
    lodash "^4.17.19"
    to-fast-properties "^2.0.0"

"@vue/compiler-core@3.2.2":
  version "3.2.2"
  resolved "https://registry.yarnpkg.com/@vue/compiler-core/-/compiler-core-3.2.2.tgz#8d3e29f129579ed9b14f48af735fd8d95f248504"
  integrity sha512-QhCI0ZU5nAR0LMcLgzW3v75374tIrHGp8XG5CzJS7Nsy+iuignbE4MZ2XJfh5TGIrtpuzfWA4eTIfukZf/cRdg==
  dependencies:
    "@babel/parser" "^7.12.0"
    "@babel/types" "^7.12.0"
    "@vue/shared" "3.2.2"
    estree-walker "^2.0.1"
    source-map "^0.6.1"

"@vue/compiler-dom@3.2.2":
  version "3.2.2"
  resolved "https://registry.yarnpkg.com/@vue/compiler-dom/-/compiler-dom-3.2.2.tgz#26e198498746c53047c3744d26fc95e670692ab7"
  integrity sha512-ggcc+NV/ENIE0Uc3TxVE/sKrhYVpLepMAAmEiQ047332mbKOvUkowz4TTFZ+YkgOIuBOPP0XpCxmCMg7p874mA==
  dependencies:
    "@vue/compiler-core" "3.2.2"
    "@vue/shared" "3.2.2"

"@vue/reactivity@3.2.2":
  version "3.2.2"
  resolved "https://registry.yarnpkg.com/@vue/reactivity/-/reactivity-3.2.2.tgz#d37011a68395e038a3cf5256af52d48c591b06b6"
  integrity sha512-IHjhtmrhK6dzacj/EnLQDWOaA3HuzzVk6w84qgV8EpS4uWGIJXiRalMRg6XvGW2ykJvIl3pLsF0aBFlTMRiLOA==
  dependencies:
    "@vue/shared" "3.2.2"

"@vue/runtime-core@3.2.2":
  version "3.2.2"
  resolved "https://registry.yarnpkg.com/@vue/runtime-core/-/runtime-core-3.2.2.tgz#b9a7250783de19dd8dd6febf008084b0f9144586"
  integrity sha512-/aUk1+GO/VPX0oVxhbzSWE1zrf3/wGCsO1ALNisVokYftKqfqLDjbJHE6mrI2hx3MiuwbHrWjJClkGUVTIOPEQ==
  dependencies:
    "@vue/reactivity" "3.2.2"
    "@vue/shared" "3.2.2"

"@vue/runtime-dom@3.2.2":
  version "3.2.2"
  resolved "https://registry.yarnpkg.com/@vue/runtime-dom/-/runtime-dom-3.2.2.tgz#6d0da23ed1cfc702477f4b8c5dc4f9335c94e119"
  integrity sha512-1Le/NpCfawCOfePfJezvWUF+oCVLU8N+IHN4oFDOxRe6/PgHNJ+yT+YdxFifBfI+TIAoXI/9PsnqzmJZV+xsmw==
  dependencies:
    "@vue/runtime-core" "3.2.2"
    "@vue/shared" "3.2.2"
    csstype "^2.6.8"

"@vue/shared@3.2.2":
  version "3.2.2"
  resolved "https://registry.yarnpkg.com/@vue/shared/-/shared-3.2.2.tgz#6104185ebd57af5a14ac51c1f491b2205fc24054"
  integrity sha512-dvYb318tk9uOzHtSaT3WII/HscQSIRzoCZ5GyxEb3JlkEXASpAUAQwKnvSe2CudnF8XHFRTB7VITWSnWNLZUtA==

csstype@^2.6.8:
  version "2.6.13"
  resolved "https://registry.npmjs.org/csstype/-/csstype-2.6.13.tgz#a6893015b90e84dd6e85d0e3b442a1e84f2dbe0f"
  integrity sha512-ul26pfSQTZW8dcOnD2iiJssfXw0gdNVX9IJDH/X3K5DGPfj+fUYe3kB+swUY6BF3oZDxaID3AJt+9/ojSAE05A==

estree-walker@^2.0.1:
  version "2.0.1"
  resolved "https://registry.npmjs.org/estree-walker/-/estree-walker-2.0.1.tgz#f8e030fb21cefa183b44b7ad516b747434e7a3e0"
  integrity sha512-tF0hv+Yi2Ot1cwj9eYHtxC0jB9bmjacjQs6ZBTj82H8JwUywFuc+7E83NWfNMwHXZc11mjfFcVXPe9gEP4B8dg==

lodash@^4.17.19:
  version "4.17.20"
  resolved "https://registry.npmjs.org/lodash/-/lodash-4.17.20.tgz#b44a9b6297bcb698f1c51a3545a2b3b368d59c52"
  integrity sha512-PlhdFcillOINfeV7Ni6oF1TAEayyZBoZ8bcshTHqOYJYlrqzRK5hagpagky5o4HfCzzd1TRkXPMFq6cKk9rGmA==

source-map@^0.6.1:
  version "0.6.1"
  resolved "https://registry.npmjs.org/source-map/-/source-map-0.6.1.tgz#74722af32e9614e9c287a8d0bbde48b5e2f1a263"
  integrity sha512-UjgapumWlbMhkBgzT7Ykc5YXUT46F0iKu8SGXq0bcwP5dz/h0Plj6enJqjz1Zbq2l5WaqYnrVbwWOWMyF3F47g==

to-fast-properties@^2.0.0:
  version "2.0.0"
  resolved "https://registry.npmjs.org/to-fast-properties/-/to-fast-properties-2.0.0.tgz#dc5e698cbd079265bc73e0377681a4e4e83f616e"
  integrity sha1-3F5pjL0HkmW8c+A3doGk5Og/YW4=

vue@^3.0.0:
  version "3.2.2"
  resolved "https://registry.yarnpkg.com/vue/-/vue-3.2.2.tgz#11715cb71a02baefd0f6e6552dc623680eb1bf32"
  integrity sha512-D/LuzAV30CgNJYGyNheE/VUs5N4toL2IgmS6c9qeOxvyh0xyn4exyRqizpXIrsvfx34zG9x5gCI2tdRHCGvF9w==
  dependencies:
    "@vue/compiler-dom" "3.2.2"
    "@vue/runtime-dom" "3.2.2"
    "@vue/shared" "3.2.2"
