# THIS IS AN AUTOGENERATED FILE. DO NOT EDIT THIS FILE DIRECTLY.
# yarn lockfile v1


"@babel/parser@^7.16.4":
  version "7.20.3"
  resolved "https://registry.yarnpkg.com/@babel/parser/-/parser-7.20.3.tgz#5358cf62e380cf69efcb87a7bb922ff88bfac6e2"
  integrity sha512-OP/s5a94frIPXwjzEcv5S/tpQfc6XhxYUnmWpgdqMWGgYCuErA3SzozaRAMQgSZWKeTJxht9aWAkUY+0UzvOFg==

"@vue/compiler-core@3.2.44":
  version "3.2.44"
  resolved "https://registry.yarnpkg.com/@vue/compiler-core/-/compiler-core-3.2.44.tgz#9ce3044db28b4b3d5de20cf345ad952f9303e91f"
  integrity sha512-TwzeVSnaklb8wIvMtwtkPkt9wnU+XD70xJ7N9+eIHtjKAG7OoZttm+14ZL6vWOL+2RcMtSZ+cYH+gvkUqsrmSQ==
  dependencies:
    "@babel/parser" "^7.16.4"
    "@vue/shared" "3.2.44"
    estree-walker "^2.0.2"
    source-map "^0.6.1"

"@vue/compiler-dom@3.2.44":
  version "3.2.44"
  resolved "https://registry.yarnpkg.com/@vue/compiler-dom/-/compiler-dom-3.2.44.tgz#0fac337a8a6b3cae586aa8cac62e418aa4c79a83"
  integrity sha512-wPDR+gOn2Qi7SudPJ+gE62vuO/aKXIiIFALvHpztXmDdbAHGy3CDfmBgOGchTgTlSeDJHe9olEMkgOdmyXTjUg==
  dependencies:
    "@vue/compiler-core" "3.2.44"
    "@vue/shared" "3.2.44"

"@vue/compiler-sfc@3.2.44":
  version "3.2.44"
  resolved "https://registry.yarnpkg.com/@vue/compiler-sfc/-/compiler-sfc-3.2.44.tgz#3cc87afdd39d1d9294b45bdd3402ef405d2b0938"
  integrity sha512-8cFZcUWlrtnfM/GlRwYJdlfgbEOy0OZ/osLDU3h/wJu24HuYAc7QIML1USaKqiZzkjOaTd4y8mvYvcWXq3o5dA==
  dependencies:
    "@babel/parser" "^7.16.4"
    "@vue/compiler-core" "3.2.44"
    "@vue/compiler-dom" "3.2.44"
    "@vue/compiler-ssr" "3.2.44"
    "@vue/reactivity-transform" "3.2.44"
    "@vue/shared" "3.2.44"
    estree-walker "^2.0.2"
    magic-string "^0.25.7"
    postcss "^8.1.10"
    source-map "^0.6.1"

"@vue/compiler-ssr@3.2.44":
  version "3.2.44"
  resolved "https://registry.yarnpkg.com/@vue/compiler-ssr/-/compiler-ssr-3.2.44.tgz#efba77f4df4ea1727752637764f9d10498daa7df"
  integrity sha512-tAkUFLgvxds3l5KPyAH77OIYrEeLngNYQfWA9GocHiy2nlyajjqAH/Jq93Bq29Y20GeJzblmRp9DVYCVkJ5Rsw==
  dependencies:
    "@vue/compiler-dom" "3.2.44"
    "@vue/shared" "3.2.44"

"@vue/reactivity-transform@3.2.44":
  version "3.2.44"
  resolved "https://registry.yarnpkg.com/@vue/reactivity-transform/-/reactivity-transform-3.2.44.tgz#dab1175ee8ef1fa7e9d3d9ffe177ed03f70d4021"
  integrity sha512-WGbEiXaS2qAOTS9Z3kKk2Nk4bi8OUl73Sih+h0XV9RTUATnaJSEQedveHUDQnHyXiZwyBMKosrxJg8aThHO/rw==
  dependencies:
    "@babel/parser" "^7.16.4"
    "@vue/compiler-core" "3.2.44"
    "@vue/shared" "3.2.44"
    estree-walker "^2.0.2"
    magic-string "^0.25.7"

"@vue/reactivity@3.2.44":
  version "3.2.44"
  resolved "https://registry.yarnpkg.com/@vue/reactivity/-/reactivity-3.2.44.tgz#f017f9d1557c5fac18feaa3207f247c8a763cf18"
  integrity sha512-Fe0s52fTsPl+RSdvoqUZ3HRKlaVsKhIh1mea5EWOedFvZCjnymzlj3YC1wZMxi89qXRFSdEASVA/BWUGypk0Ig==
  dependencies:
    "@vue/shared" "3.2.44"

"@vue/runtime-core@3.2.44":
  version "3.2.44"
  resolved "https://registry.yarnpkg.com/@vue/runtime-core/-/runtime-core-3.2.44.tgz#14abcb1c005873a2d506eaa0bd41726997a82ea1"
  integrity sha512-uwEV1cttL33k2dC+CNGYhKEYqGejT9KmgQ+4n/LmYUfZ1Gorl8F32DlIX+1pANyGHL1tBAisqHDxKyQBp2oBNA==
  dependencies:
    "@vue/reactivity" "3.2.44"
    "@vue/shared" "3.2.44"

"@vue/runtime-dom@3.2.44":
  version "3.2.44"
  resolved "https://registry.yarnpkg.com/@vue/runtime-dom/-/runtime-dom-3.2.44.tgz#0618b3bc99e220c25e1134d4c0da97028458e3af"
  integrity sha512-LDzNwXpU/nSpxrLk5jS0bfStgt88msgsgFzj6vHrl7es3QktIrCGybQS5CB/p/TO0q98iAiYtEVmi+Lej7Vgjg==
  dependencies:
    "@vue/runtime-core" "3.2.44"
    "@vue/shared" "3.2.44"
    csstype "^2.6.8"

"@vue/server-renderer@3.2.44":
  version "3.2.44"
  resolved "https://registry.yarnpkg.com/@vue/server-renderer/-/server-renderer-3.2.44.tgz#efeb4d99e2ff2f71b6ddb512009e6b31bedc8ed5"
  integrity sha512-3+ArN07UgOAdbGKIp3uVqeC3bnR3J324QNjPR6vxHbLrTlkibFv8QNled/ux3fVq0KDCkVVKGOKB2V4sCIYOgg==
  dependencies:
    "@vue/compiler-ssr" "3.2.44"
    "@vue/shared" "3.2.44"

"@vue/shared@3.2.44":
  version "3.2.44"
  resolved "https://registry.yarnpkg.com/@vue/shared/-/shared-3.2.44.tgz#d180eae83de86a48a3a0b6aaded546683443ca57"
  integrity sha512-mGZ44bnn0zpZ36nXtxbrBPno43yr96wjQE1dBEKS1Sieugt27HS4OGZVBRIgsdGzosB7vqZAvu0ttu1FDVdolA==

csstype@^2.6.8:
  version "2.6.13"
  resolved "https://registry.npmjs.org/csstype/-/csstype-2.6.13.tgz#a6893015b90e84dd6e85d0e3b442a1e84f2dbe0f"
  integrity sha512-ul26pfSQTZW8dcOnD2iiJssfXw0gdNVX9IJDH/X3K5DGPfj+fUYe3kB+swUY6BF3oZDxaID3AJt+9/ojSAE05A==

estree-walker@^2.0.2:
  version "2.0.2"
  resolved "https://registry.yarnpkg.com/estree-walker/-/estree-walker-2.0.2.tgz#52f010178c2a4c117a7757cfe942adb7d2da4cac"
  integrity sha512-Rfkk/Mp/DL7JVje3u18FxFujQlTNR2q6QfMSMB7AvCBx91NGj/ba3kCfza0f6dVDbw7YlRf/nDrn7pQrCCyQ/w==

magic-string@^0.25.7:
  version "0.25.7"
  resolved "https://registry.npmjs.org/magic-string/-/magic-string-0.25.7.tgz#3f497d6fd34c669c6798dcb821f2ef31f5445051"
  integrity sha512-4CrMT5DOHTDk4HYDlzmwu4FVCcIYI8gauveasrdCu2IKIFOJ3f0v/8MDGJCDL9oD2ppz/Av1b0Nj345H9M+XIA==
  dependencies:
    sourcemap-codec "^1.4.4"

nanoid@^3.3.4:
  version "3.3.4"
  resolved "https://registry.yarnpkg.com/nanoid/-/nanoid-3.3.4.tgz#730b67e3cd09e2deacf03c027c81c9d9dbc5e8ab"
  integrity sha512-MqBkQh/OHTS2egovRtLk45wEyNXwF+cokD+1YPf9u5VfJiRdAiRwB2froX5Co9Rh20xs4siNPm8naNotSD6RBw==

picocolors@^1.0.0:
  version "1.0.0"
  resolved "https://registry.yarnpkg.com/picocolors/-/picocolors-1.0.0.tgz#cb5bdc74ff3f51892236eaf79d68bc44564ab81c"
  integrity sha512-1fygroTLlHu66zi26VoTDv8yRgm0Fccecssto+MhsZ0D/DGW2sm8E8AjW7NU5VVTRt5GxbeZ5qBuJr+HyLYkjQ==

postcss@^8.1.10:
  version "8.4.18"
  resolved "https://registry.yarnpkg.com/postcss/-/postcss-8.4.18.tgz#6d50046ea7d3d66a85e0e782074e7203bc7fbca2"
  integrity sha512-Wi8mWhncLJm11GATDaQKobXSNEYGUHeQLiQqDFG1qQ5UTDPTEvKw0Xt5NsTpktGTwLps3ByrWsBrG0rB8YQ9oA==
  dependencies:
    nanoid "^3.3.4"
    picocolors "^1.0.0"
    source-map-js "^1.0.2"

source-map-js@^1.0.2:
  version "1.0.2"
  resolved "https://registry.yarnpkg.com/source-map-js/-/source-map-js-1.0.2.tgz#adbc361d9c62df380125e7f161f71c826f1e490c"
  integrity sha512-R0XvVJ9WusLiqTCEiGCmICCMplcCkIwwR11mOSD9CR5u+IXYdiseeEuXCVAjS54zqwkLcPNnmU4OeJ6tUrWhDw==

source-map@^0.6.1:
  version "0.6.1"
  resolved "https://registry.npmjs.org/source-map/-/source-map-0.6.1.tgz#74722af32e9614e9c287a8d0bbde48b5e2f1a263"
  integrity sha512-UjgapumWlbMhkBgzT7Ykc5YXUT46F0iKu8SGXq0bcwP5dz/h0Plj6enJqjz1Zbq2l5WaqYnrVbwWOWMyF3F47g==

sourcemap-codec@^1.4.4:
  version "1.4.8"
  resolved "https://registry.npmjs.org/sourcemap-codec/-/sourcemap-codec-1.4.8.tgz#ea804bd94857402e6992d05a38ef1ae35a9ab4c4"
  integrity sha512-9NykojV5Uih4lgo5So5dtw+f0JgJX30KCNI8gwhz2J9A15wD0Ml6tjHKwf6fTSa6fAdVBdZeNOs9eJ71qCk8vA==

vue@^3.0.0:
  version "3.2.44"
  resolved "https://registry.yarnpkg.com/vue/-/vue-3.2.44.tgz#57581fcc753b8187aae9cf90254f9fa88f7b8ffd"
  integrity sha512-nyNtFDh+0TpRgYCUVfPD1mJ9PpIsCPXaOF4DeGNIT5vQ4X23ykflGq3Sy2P+tEt1/pQZxZnAysuRKwyhNj+Cjw==
  dependencies:
    "@vue/compiler-dom" "3.2.44"
    "@vue/compiler-sfc" "3.2.44"
    "@vue/runtime-dom" "3.2.44"
    "@vue/server-renderer" "3.2.44"
    "@vue/shared" "3.2.44"
